
Microsoft Visual Studio Solution File, Format Version 12.00
# Visual Studio Version 17
VisualStudioVersion = 17.2.32602.215
MinimumVisualStudioVersion = 10.0.40219.1
Project("{9A19103F-16F7-4668-BE54-9A1E7A4F7556}") = "Tests", "Tests\Tests.csproj", "{CE5C65B9-DCEB-46AB-93B7-19F813924C65}"
EndProject
Project("{FAE04EC0-301F-11D3-BF4B-00C04F79EFBC}") = "HomeWork_1_1", "HomeWork_1_1\HomeWork_1_1.csproj", "{9CB1EAC3-C596-4AC3-924F-E154D359427A}"
EndProject
Global
	GlobalSection(SolutionConfigurationPlatforms) = preSolution
		Debug|Any CPU = Debug|Any CPU
		Release|Any CPU = Release|Any CPU
	EndGlobalSection
	GlobalSection(ProjectConfigurationPlatforms) = postSolution
		{CE5C65B9-DCEB-46AB-93B7-19F813924C65}.Debug|Any CPU.ActiveCfg = Debug|Any CPU
		{CE5C65B9-DCEB-46AB-93B7-19F813924C65}.Debug|Any CPU.Build.0 = Debug|Any CPU
		{CE5C65B9-DCEB-46AB-93B7-19F813924C65}.Release|Any CPU.ActiveCfg = Release|Any CPU
		{CE5C65B9-DCEB-46AB-93B7-19F813924C65}.Release|Any CPU.Build.0 = Release|Any CPU
		{9CB1EAC3-C596-4AC3-924F-E154D359427A}.Debug|Any CPU.ActiveCfg = Debug|Any CPU
		{9CB1EAC3-C596-4AC3-924F-E154D359427A}.Debug|Any CPU.Build.0 = Debug|Any CPU
		{9CB1EAC3-C596-4AC3-924F-E154D359427A}.Release|Any CPU.ActiveCfg = Release|Any CPU
		{9CB1EAC3-C596-4AC3-924F-E154D359427A}.Release|Any CPU.Build.0 = Release|Any CPU
	EndGlobalSection
	GlobalSection(SolutionProperties) = preSolution
		HideSolutionNode = FALSE
	EndGlobalSection
	GlobalSection(ExtensibilityGlobals) = postSolution
		SolutionGuid = {DB22CE00-871F-4985-B82B-1F1C1E6E38B1}
	EndGlobalSection
EndGlobal
